{
  "name": "@tsonic/csharp-nodejs",
  "version": "0.0.1",
  "lockfileVersion": 3,
  "requires": true,
  "packages": {
    "": {
      "name": "@tsonic/csharp-nodejs",
      "version": "0.0.1",
      "dependencies": {
        "@tsonic/csharp-js": "0.0.1",
        "@tsonic/csharp-runtime": "0.0.1"
      },
      "devDependencies": {
        "@tsonic/csharp-js": "file:../csharp-js",
        "@tsonic/csharp-runtime": "file:../csharp-runtime",
        "@tsonic/target-api": "file:../tsonic/packages/target-api",
        "@tsonic/target-csharp": "file:../tsonic-csharp",
        "@tsonic/tsts": "file:../tsonic/packages/tsts",
        "@types/node": "25.9.1"
      },
      "engines": {
        "node": ">=22.0.0"
      },
      "peerDependencies": {
        "@tsonic/target-api": "0.0.1",
        "@tsonic/target-csharp": "0.0.1",
        "@tsonic/tsts": "0.0.0"
      }
    },
    "../csharp-js": {
      "name": "@tsonic/csharp-js",
      "version": "0.0.1",
      "dev": true,
      "dependencies": {
        "@tsonic/csharp-runtime": "0.0.1"
      },
      "engines": {
        "node": ">=22.0.0"
      }
    },
    "../csharp-runtime": {
      "name": "@tsonic/csharp-runtime",
      "version": "0.0.1",
      "dev": true,
      "engines": {
        "node": ">=22.0.0"
      }
    },
    "../tsonic-csharp": {
      "name": "@tsonic/target-csharp",
      "version": "0.0.1",
      "dev": true,
      "dependencies": {
        "@tsonic/csharp-js": "0.0.1",
        "@tsonic/csharp-runtime": "0.0.1"
      },
      "devDependencies": {
        "@tsonic/csharp-js": "file:../csharp-js",
        "@tsonic/csharp-runtime": "file:../csharp-runtime",
        "@tsonic/source-core": "file:../tsonic/packages/source-core",
        "@tsonic/target-api": "file:../tsonic/packages/target-api",
        "@tsonic/tsts": "file:../tsonic/packages/tsts"
      },
      "engines": {
        "node": ">=22.0.0"
      },
      "peerDependencies": {
        "@tsonic/source-core": "0.0.1",
        "@tsonic/target-api": "0.0.1",
        "@tsonic/tsts": "0.0.0"
      }
    },
    "../tsonic/packages/target-api": {
      "name": "@tsonic/target-api",
      "version": "0.0.1",
      "dev": true,
      "dependencies": {
        "@tsonic/tsts": "0.0.0"
      },
      "engines": {
        "node": ">=22.0.0"
      }
    },
    "../tsonic/packages/tsts": {
      "name": "@tsonic/tsts",
      "version": "0.0.0",
      "dev": true,
      "bin": {
        "tsts": "dist/src/cli/index.js"
      }
    },
    "node_modules/@tsonic/csharp-js": {
      "resolved": "../csharp-js",
      "link": true
    },
    "node_modules/@tsonic/csharp-runtime": {
      "resolved": "../csharp-runtime",
      "link": true
    },
    "node_modules/@tsonic/target-api": {
      "resolved": "../tsonic/packages/target-api",
      "link": true
    },
    "node_modules/@tsonic/target-csharp": {
      "resolved": "../tsonic-csharp",
      "link": true
    },
    "node_modules/@tsonic/tsts": {
      "resolved": "../tsonic/packages/tsts",
      "link": true
    },
    "node_modules/@types/node": {
      "version": "25.9.1",
      "dev": true,
      "license": "MIT",
      "dependencies": {
        "undici-types": ">=7.24.0 <7.24.7"
      }
    },
    "node_modules/undici-types": {
      "version": "7.24.6",
      "dev": true,
      "license": "MIT"
    }
  }
}
